
Microsoft Visual Studio Solution File, Format Version 12.00
# Visual Studio 15
VisualStudioVersion = 15.0.27130.2027
MinimumVisualStudioVersion = 10.0.40219.1
Project("{8BC9CEB8-8B4A-11D0-8D11-00A0C91BC942}") = "Smoke", "Smoke\Smoke.vcxproj", "{EB15D7D0-2F82-4176-9D7B-C4D379BFAA0E}"
	ProjectSection(ProjectDependencies) = postProject
		{664BC2C0-9A86-46A1-B5EA-34812EA063D7} = {664BC2C0-9A86-46A1-B5EA-34812EA063D7}
	EndProjectSection
EndProject
Project("{8BC9CEB8-8B4A-11D0-8D11-00A0C91BC942}") = "FFTW", "FFTW\FFTW.vcxproj", "{664BC2C0-9A86-46A1-B5EA-34812EA063D7}"
EndProject
Global
	GlobalSection(SolutionConfigurationPlatforms) = preSolution
		Debug|Win32 = Debug|Win32
		Release|Win32 = Release|Win32
	EndGlobalSection
	GlobalSection(ProjectConfigurationPlatforms) = postSolution
		{EB15D7D0-2F82-4176-9D7B-C4D379BFAA0E}.Debug|Win32.ActiveCfg = Debug|Win32
		{EB15D7D0-2F82-4176-9D7B-C4D379BFAA0E}.Debug|Win32.Build.0 = Debug|Win32
		{EB15D7D0-2F82-4176-9D7B-C4D379BFAA0E}.Release|Win32.ActiveCfg = Debug|Win32
		{EB15D7D0-2F82-4176-9D7B-C4D379BFAA0E}.Release|Win32.Build.0 = Debug|Win32
		{664BC2C0-9A86-46A1-B5EA-34812EA063D7}.Debug|Win32.ActiveCfg = Debug|Win32
		{664BC2C0-9A86-46A1-B5EA-34812EA063D7}.Debug|Win32.Build.0 = Debug|Win32
		{664BC2C0-9A86-46A1-B5EA-34812EA063D7}.Release|Win32.ActiveCfg = Debug|Win32
		{664BC2C0-9A86-46A1-B5EA-34812EA063D7}.Release|Win32.Build.0 = Debug|Win32
	EndGlobalSection
	GlobalSection(SolutionProperties) = preSolution
		HideSolutionNode = FALSE
	EndGlobalSection
	GlobalSection(ExtensibilityGlobals) = postSolution
		SolutionGuid = {8917071C-1E16-4DC7-BD4A-A3B2B7D6682F}
	EndGlobalSection
EndGlobal
